
Microsoft Visual Studio Solution File, Format Version 12.00
# Visual Studio Version 17
VisualStudioVersion = 17.4.33103.184
MinimumVisualStudioVersion = 10.0.40219.1
Project("{9A19103F-16F7-4668-BE54-9A1E7A4F7556}") = "Task1", "Task1\Task1.csproj", "{91D826C2-1881-4011-8B97-EBC7DF84C3BB}"
EndProject
Project("{9A19103F-16F7-4668-BE54-9A1E7A4F7556}") = "ShapeCalc", "ShapeCalc\ShapeCalc.csproj", "{F7F24EC4-034E-43C7-9F2F-CB33CCAAC167}"
EndProject
Project("{FAE04EC0-301F-11D3-BF4B-00C04F79EFBC}") = "ShapeCalcTest", "ShapeCalcTest\ShapeCalcTest.csproj", "{35826308-D6AC-4556-900E-196B0C22BAF5}"
EndProject
Global
	GlobalSection(SolutionConfigurationPlatforms) = preSolution
		Debug|Any CPU = Debug|Any CPU
		Release|Any CPU = Release|Any CPU
	EndGlobalSection
	GlobalSection(ProjectConfigurationPlatforms) = postSolution
		{91D826C2-1881-4011-8B97-EBC7DF84C3BB}.Debug|Any CPU.ActiveCfg = Debug|Any CPU
		{91D826C2-1881-4011-8B97-EBC7DF84C3BB}.Debug|Any CPU.Build.0 = Debug|Any CPU
		{91D826C2-1881-4011-8B97-EBC7DF84C3BB}.Release|Any CPU.ActiveCfg = Release|Any CPU
		{91D826C2-1881-4011-8B97-EBC7DF84C3BB}.Release|Any CPU.Build.0 = Release|Any CPU
		{F7F24EC4-034E-43C7-9F2F-CB33CCAAC167}.Debug|Any CPU.ActiveCfg = Debug|Any CPU
		{F7F24EC4-034E-43C7-9F2F-CB33CCAAC167}.Debug|Any CPU.Build.0 = Debug|Any CPU
		{F7F24EC4-034E-43C7-9F2F-CB33CCAAC167}.Release|Any CPU.ActiveCfg = Release|Any CPU
		{F7F24EC4-034E-43C7-9F2F-CB33CCAAC167}.Release|Any CPU.Build.0 = Release|Any CPU
		{35826308-D6AC-4556-900E-196B0C22BAF5}.Debug|Any CPU.ActiveCfg = Debug|Any CPU
		{35826308-D6AC-4556-900E-196B0C22BAF5}.Debug|Any CPU.Build.0 = Debug|Any CPU
		{35826308-D6AC-4556-900E-196B0C22BAF5}.Release|Any CPU.ActiveCfg = Release|Any CPU
		{35826308-D6AC-4556-900E-196B0C22BAF5}.Release|Any CPU.Build.0 = Release|Any CPU
	EndGlobalSection
	GlobalSection(SolutionProperties) = preSolution
		HideSolutionNode = FALSE
	EndGlobalSection
	GlobalSection(ExtensibilityGlobals) = postSolution
		SolutionGuid = {0ED70640-9A35-4D4E-83B9-FC2BEB8F3D08}
	EndGlobalSection
EndGlobal
